<?xml version="1.0" encoding="utf-8"?>
<Project ToolsVersion="4.0" xmlns="http://schemas.microsoft.com/developer/msbuild/2003">
  <ItemGroup>
    <Filter Include="Engine">
      <UniqueIdentifier>{DBC7D3B0-C769-FE86-B024-12DB9C6585D7}</UniqueIdentifier>
    </Filter>
    <Filter Include="Engine\Application">
      <UniqueIdentifier>{1EA4C00C-0A88-8162-73E8-7BB55FEB6BE4}</UniqueIdentifier>
    </Filter>
    <Filter Include="Engine\Events">
      <UniqueIdentifier>{5FAFB439-CB6F-3070-94AA-79ED002A754C}</UniqueIdentifier>
    </Filter>
    <Filter Include="Include">
      <UniqueIdentifier>{6917EFFE-D5F6-6D9A-DE0E-F9704A6DD4FB}</UniqueIdentifier>
    </Filter>
  </ItemGroup>
  <ItemGroup>
    <ClInclude Include="Src\AgCore.h" />
    <ClInclude Include="Src\AgPch.h" />
    <ClInclude Include="Src\Engine\Application\AgApp.h">
      <Filter>Engine\Application</Filter>
    </ClInclude>
    <ClInclude Include="Src\Engine\Application\AgWindow.h">
      <Filter>Engine\Application</Filter>
    </ClInclude>
    <ClInclude Include="Src\Engine\Events\AgEvents.h">
      <Filter>Engine\Events</Filter>
    </ClInclude>
    <ClInclude Include="Src\Engine\Events\CoreEvents.h">
      <Filter>Engine\Events</Filter>
    </ClInclude>
    <ClInclude Include="Src\Engine\Events\KeyboardEvents.h">
      <Filter>Engine\Events</Filter>
    </ClInclude>
    <ClInclude Include="Src\Engine\Events\MouseEvents.h">
      <Filter>Engine\Events</Filter>
    </ClInclude>
    <ClInclude Include="Src\Engine\Events\WindowEvents.h">
      <Filter>Engine\Events</Filter>
    </ClInclude>
    <ClInclude Include="Src\Include\AgGameEngine.h">
      <Filter>Include</Filter>
    </ClInclude>
  </ItemGroup>
  <ItemGroup>
    <ClCompile Include="Src\AgPch.cpp" />
    <ClCompile Include="Src\Engine\Application\AgApp.cpp">
      <Filter>Engine\Application</Filter>
    </ClCompile>
    <ClCompile Include="Src\Engine\Application\AgWindow.cpp">
      <Filter>Engine\Application</Filter>
    </ClCompile>
    <ClCompile Include="Src\EntryPoint.cpp" />
  </ItemGroup>
</Project>